
Microsoft Visual Studio Solution File, Format Version 12.00
# Visual Studio Version 16
VisualStudioVersion = 16.0.29926.136
MinimumVisualStudioVersion = 10.0.40219.1
Project("{FAE04EC0-301F-11D3-BF4B-00C04F79EFBC}") = "977A_WrongSubtraction", "977A_WrongSubtraction\977A_WrongSubtraction.csproj", "{9175EBBA-A4B2-40E9-8CF0-BD0DCE5F810A}"
EndProject
Project("{FAE04EC0-301F-11D3-BF4B-00C04F79EFBC}") = "1030A_InSearchOfAnEasyProblem", "1030A_InSearchOfAnEasyProblem\1030A_InSearchOfAnEasyProblem.csproj", "{727C96E5-4825-4589-8744-CA88D7C55FB5}"
EndProject
Project("{FAE04EC0-301F-11D3-BF4B-00C04F79EFBC}") = "791A_BearAndBigBrother", "791A_BearAndBigBrother\791A_BearAndBigBrother.csproj", "{C56FCEE4-64B0-4E3B-B81E-FB3A1B8E61D7}"
EndProject
Project("{FAE04EC0-301F-11D3-BF4B-00C04F79EFBC}") = "705A_Hulk", "705A_Hulk\705A_Hulk.csproj", "{5814AB7B-E059-41B7-886D-3A88440621B0}"
EndProject
Project("{FAE04EC0-301F-11D3-BF4B-00C04F79EFBC}") = "785A_AntonAndPolyhedrons", "785A_AntonAndPolyhedrons\785A_AntonAndPolyhedrons.csproj", "{D2F86BAE-7092-493A-98DF-824FBEC0CA66}"
EndProject
Project("{FAE04EC0-301F-11D3-BF4B-00C04F79EFBC}") = "996A_HitAndLottery", "996A_HitAndLottery\996A_HitAndLottery.csproj", "{DFB02795-5F1F-4219-9E9D-1EE567F7BFC9}"
EndProject
Global
	GlobalSection(SolutionConfigurationPlatforms) = preSolution
		Debug|Any CPU = Debug|Any CPU
		Release|Any CPU = Release|Any CPU
	EndGlobalSection
	GlobalSection(ProjectConfigurationPlatforms) = postSolution
		{9175EBBA-A4B2-40E9-8CF0-BD0DCE5F810A}.Debug|Any CPU.ActiveCfg = Debug|Any CPU
		{9175EBBA-A4B2-40E9-8CF0-BD0DCE5F810A}.Debug|Any CPU.Build.0 = Debug|Any CPU
		{9175EBBA-A4B2-40E9-8CF0-BD0DCE5F810A}.Release|Any CPU.ActiveCfg = Release|Any CPU
		{9175EBBA-A4B2-40E9-8CF0-BD0DCE5F810A}.Release|Any CPU.Build.0 = Release|Any CPU
		{727C96E5-4825-4589-8744-CA88D7C55FB5}.Debug|Any CPU.ActiveCfg = Debug|Any CPU
		{727C96E5-4825-4589-8744-CA88D7C55FB5}.Debug|Any CPU.Build.0 = Debug|Any CPU
		{727C96E5-4825-4589-8744-CA88D7C55FB5}.Release|Any CPU.ActiveCfg = Release|Any CPU
		{727C96E5-4825-4589-8744-CA88D7C55FB5}.Release|Any CPU.Build.0 = Release|Any CPU
		{C56FCEE4-64B0-4E3B-B81E-FB3A1B8E61D7}.Debug|Any CPU.ActiveCfg = Debug|Any CPU
		{C56FCEE4-64B0-4E3B-B81E-FB3A1B8E61D7}.Debug|Any CPU.Build.0 = Debug|Any CPU
		{C56FCEE4-64B0-4E3B-B81E-FB3A1B8E61D7}.Release|Any CPU.ActiveCfg = Release|Any CPU
		{C56FCEE4-64B0-4E3B-B81E-FB3A1B8E61D7}.Release|Any CPU.Build.0 = Release|Any CPU
		{5814AB7B-E059-41B7-886D-3A88440621B0}.Debug|Any CPU.ActiveCfg = Debug|Any CPU
		{5814AB7B-E059-41B7-886D-3A88440621B0}.Debug|Any CPU.Build.0 = Debug|Any CPU
		{5814AB7B-E059-41B7-886D-3A88440621B0}.Release|Any CPU.ActiveCfg = Release|Any CPU
		{5814AB7B-E059-41B7-886D-3A88440621B0}.Release|Any CPU.Build.0 = Release|Any CPU
		{D2F86BAE-7092-493A-98DF-824FBEC0CA66}.Debug|Any CPU.ActiveCfg = Debug|Any CPU
		{D2F86BAE-7092-493A-98DF-824FBEC0CA66}.Debug|Any CPU.Build.0 = Debug|Any CPU
		{D2F86BAE-7092-493A-98DF-824FBEC0CA66}.Release|Any CPU.ActiveCfg = Release|Any CPU
		{D2F86BAE-7092-493A-98DF-824FBEC0CA66}.Release|Any CPU.Build.0 = Release|Any CPU
		{DFB02795-5F1F-4219-9E9D-1EE567F7BFC9}.Debug|Any CPU.ActiveCfg = Debug|Any CPU
		{DFB02795-5F1F-4219-9E9D-1EE567F7BFC9}.Debug|Any CPU.Build.0 = Debug|Any CPU
		{DFB02795-5F1F-4219-9E9D-1EE567F7BFC9}.Release|Any CPU.ActiveCfg = Release|Any CPU
		{DFB02795-5F1F-4219-9E9D-1EE567F7BFC9}.Release|Any CPU.Build.0 = Release|Any CPU
	EndGlobalSection
	GlobalSection(SolutionProperties) = preSolution
		HideSolutionNode = FALSE
	EndGlobalSection
	GlobalSection(ExtensibilityGlobals) = postSolution
		SolutionGuid = {E75E2FFE-4385-4FAF-ABF2-978470C63E2D}
	EndGlobalSection
EndGlobal
