
Microsoft Visual Studio Solution File, Format Version 12.00
# Visual Studio Version 16
VisualStudioVersion = 16.0.29926.136
MinimumVisualStudioVersion = 10.0.40219.1
Project("{FAE04EC0-301F-11D3-BF4B-00C04F79EFBC}") = "977A_WrongSubtraction", "977A_WrongSubtraction\977A_WrongSubtraction.csproj", "{9175EBBA-A4B2-40E9-8CF0-BD0DCE5F810A}"
EndProject
Project("{FAE04EC0-301F-11D3-BF4B-00C04F79EFBC}") = "1030A_InSearchOfAnEasyProblem", "1030A_InSearchOfAnEasyProblem\1030A_InSearchOfAnEasyProblem.csproj", "{727C96E5-4825-4589-8744-CA88D7C55FB5}"
EndProject
Project("{FAE04EC0-301F-11D3-BF4B-00C04F79EFBC}") = "791A_BearAndBigBrother", "791A_BearAndBigBrother\791A_BearAndBigBrother.csproj", "{C56FCEE4-64B0-4E3B-B81E-FB3A1B8E61D7}"
EndProject
Project("{FAE04EC0-301F-11D3-BF4B-00C04F79EFBC}") = "705A_Hulk", "705A_Hulk\705A_Hulk.csproj", "{5814AB7B-E059-41B7-886D-3A88440621B0}"
EndProject
Project("{FAE04EC0-301F-11D3-BF4B-00C04F79EFBC}") = "785A_AntonAndPolyhedrons", "785A_AntonAndPolyhedrons\785A_AntonAndPolyhedrons.csproj", "{D2F86BAE-7092-493A-98DF-824FBEC0CA66}"
EndProject
Project("{FAE04EC0-301F-11D3-BF4B-00C04F79EFBC}") = "996A_HitAndLottery", "996A_HitAndLottery\996A_HitAndLottery.csproj", "{DFB02795-5F1F-4219-9E9D-1EE567F7BFC9}"
EndProject
Project("{FAE04EC0-301F-11D3-BF4B-00C04F79EFBC}") = "1154A_RestoringThreeNumbers", "1154A_RestoringThreeNumbers\1154A_RestoringThreeNumbers.csproj", "{0306A725-AF79-4FBA-B305-E1E3BF06E7D2}"
EndProject
Project("{FAE04EC0-301F-11D3-BF4B-00C04F79EFBC}") = "1097A_GennadyAndACardGame", "1097A_GennadyAndACardGame\1097A_GennadyAndACardGame.csproj", "{7051EB08-477B-407E-BE1D-7607FE88F355}"
EndProject
Project("{FAE04EC0-301F-11D3-BF4B-00C04F79EFBC}") = "935A_FafaAndHisCompany", "935A_FafaAndHisCompany\935A_FafaAndHisCompany.csproj", "{D89D1397-54A5-4050-B500-1D82DB4B6804}"
EndProject
Project("{FAE04EC0-301F-11D3-BF4B-00C04F79EFBC}") = "959A_MahmoudAndEhabAndTheEvenOddGame", "959A_MahmoudAndEhabAndTheEvenOddGame\959A_MahmoudAndEhabAndTheEvenOddGame.csproj", "{304E9B35-D1A4-4DB1-AE0C-321E7E0E2474}"
EndProject
Project("{FAE04EC0-301F-11D3-BF4B-00C04F79EFBC}") = "1186A_VusTheCissackAndAContest", "1186A_VusTheCissackAndAContest\1186A_VusTheCissackAndAContest.csproj", "{2F542584-8524-4FC4-B2EF-404FB2B86472}"
EndProject
Project("{FAE04EC0-301F-11D3-BF4B-00C04F79EFBC}") = "1220A_Cards", "1220A_Cards\1220A_Cards.csproj", "{0BEEA834-20AB-48DA-BE70-55A481D63E01}"
EndProject
Project("{FAE04EC0-301F-11D3-BF4B-00C04F79EFBC}") = "1223A_CME", "1223A_CME\1223A_CME.csproj", "{7A789622-CB63-48FC-95A6-CEA076EEC18D}"
EndProject
Global
	GlobalSection(SolutionConfigurationPlatforms) = preSolution
		Debug|Any CPU = Debug|Any CPU
		Release|Any CPU = Release|Any CPU
	EndGlobalSection
	GlobalSection(ProjectConfigurationPlatforms) = postSolution
		{9175EBBA-A4B2-40E9-8CF0-BD0DCE5F810A}.Debug|Any CPU.ActiveCfg = Debug|Any CPU
		{9175EBBA-A4B2-40E9-8CF0-BD0DCE5F810A}.Debug|Any CPU.Build.0 = Debug|Any CPU
		{9175EBBA-A4B2-40E9-8CF0-BD0DCE5F810A}.Release|Any CPU.ActiveCfg = Release|Any CPU
		{9175EBBA-A4B2-40E9-8CF0-BD0DCE5F810A}.Release|Any CPU.Build.0 = Release|Any CPU
		{727C96E5-4825-4589-8744-CA88D7C55FB5}.Debug|Any CPU.ActiveCfg = Debug|Any CPU
		{727C96E5-4825-4589-8744-CA88D7C55FB5}.Debug|Any CPU.Build.0 = Debug|Any CPU
		{727C96E5-4825-4589-8744-CA88D7C55FB5}.Release|Any CPU.ActiveCfg = Release|Any CPU
		{727C96E5-4825-4589-8744-CA88D7C55FB5}.Release|Any CPU.Build.0 = Release|Any CPU
		{C56FCEE4-64B0-4E3B-B81E-FB3A1B8E61D7}.Debug|Any CPU.ActiveCfg = Debug|Any CPU
		{C56FCEE4-64B0-4E3B-B81E-FB3A1B8E61D7}.Debug|Any CPU.Build.0 = Debug|Any CPU
		{C56FCEE4-64B0-4E3B-B81E-FB3A1B8E61D7}.Release|Any CPU.ActiveCfg = Release|Any CPU
		{C56FCEE4-64B0-4E3B-B81E-FB3A1B8E61D7}.Release|Any CPU.Build.0 = Release|Any CPU
		{5814AB7B-E059-41B7-886D-3A88440621B0}.Debug|Any CPU.ActiveCfg = Debug|Any CPU
		{5814AB7B-E059-41B7-886D-3A88440621B0}.Debug|Any CPU.Build.0 = Debug|Any CPU
		{5814AB7B-E059-41B7-886D-3A88440621B0}.Release|Any CPU.ActiveCfg = Release|Any CPU
		{5814AB7B-E059-41B7-886D-3A88440621B0}.Release|Any CPU.Build.0 = Release|Any CPU
		{D2F86BAE-7092-493A-98DF-824FBEC0CA66}.Debug|Any CPU.ActiveCfg = Debug|Any CPU
		{D2F86BAE-7092-493A-98DF-824FBEC0CA66}.Debug|Any CPU.Build.0 = Debug|Any CPU
		{D2F86BAE-7092-493A-98DF-824FBEC0CA66}.Release|Any CPU.ActiveCfg = Release|Any CPU
		{D2F86BAE-7092-493A-98DF-824FBEC0CA66}.Release|Any CPU.Build.0 = Release|Any CPU
		{DFB02795-5F1F-4219-9E9D-1EE567F7BFC9}.Debug|Any CPU.ActiveCfg = Debug|Any CPU
		{DFB02795-5F1F-4219-9E9D-1EE567F7BFC9}.Debug|Any CPU.Build.0 = Debug|Any CPU
		{DFB02795-5F1F-4219-9E9D-1EE567F7BFC9}.Release|Any CPU.ActiveCfg = Release|Any CPU
		{DFB02795-5F1F-4219-9E9D-1EE567F7BFC9}.Release|Any CPU.Build.0 = Release|Any CPU
		{0306A725-AF79-4FBA-B305-E1E3BF06E7D2}.Debug|Any CPU.ActiveCfg = Debug|Any CPU
		{0306A725-AF79-4FBA-B305-E1E3BF06E7D2}.Debug|Any CPU.Build.0 = Debug|Any CPU
		{0306A725-AF79-4FBA-B305-E1E3BF06E7D2}.Release|Any CPU.ActiveCfg = Release|Any CPU
		{0306A725-AF79-4FBA-B305-E1E3BF06E7D2}.Release|Any CPU.Build.0 = Release|Any CPU
		{7051EB08-477B-407E-BE1D-7607FE88F355}.Debug|Any CPU.ActiveCfg = Debug|Any CPU
		{7051EB08-477B-407E-BE1D-7607FE88F355}.Debug|Any CPU.Build.0 = Debug|Any CPU
		{7051EB08-477B-407E-BE1D-7607FE88F355}.Release|Any CPU.ActiveCfg = Release|Any CPU
		{7051EB08-477B-407E-BE1D-7607FE88F355}.Release|Any CPU.Build.0 = Release|Any CPU
		{D89D1397-54A5-4050-B500-1D82DB4B6804}.Debug|Any CPU.ActiveCfg = Debug|Any CPU
		{D89D1397-54A5-4050-B500-1D82DB4B6804}.Debug|Any CPU.Build.0 = Debug|Any CPU
		{D89D1397-54A5-4050-B500-1D82DB4B6804}.Release|Any CPU.ActiveCfg = Release|Any CPU
		{D89D1397-54A5-4050-B500-1D82DB4B6804}.Release|Any CPU.Build.0 = Release|Any CPU
		{304E9B35-D1A4-4DB1-AE0C-321E7E0E2474}.Debug|Any CPU.ActiveCfg = Debug|Any CPU
		{304E9B35-D1A4-4DB1-AE0C-321E7E0E2474}.Debug|Any CPU.Build.0 = Debug|Any CPU
		{304E9B35-D1A4-4DB1-AE0C-321E7E0E2474}.Release|Any CPU.ActiveCfg = Release|Any CPU
		{304E9B35-D1A4-4DB1-AE0C-321E7E0E2474}.Release|Any CPU.Build.0 = Release|Any CPU
		{2F542584-8524-4FC4-B2EF-404FB2B86472}.Debug|Any CPU.ActiveCfg = Debug|Any CPU
		{2F542584-8524-4FC4-B2EF-404FB2B86472}.Debug|Any CPU.Build.0 = Debug|Any CPU
		{2F542584-8524-4FC4-B2EF-404FB2B86472}.Release|Any CPU.ActiveCfg = Release|Any CPU
		{2F542584-8524-4FC4-B2EF-404FB2B86472}.Release|Any CPU.Build.0 = Release|Any CPU
		{0BEEA834-20AB-48DA-BE70-55A481D63E01}.Debug|Any CPU.ActiveCfg = Debug|Any CPU
		{0BEEA834-20AB-48DA-BE70-55A481D63E01}.Debug|Any CPU.Build.0 = Debug|Any CPU
		{0BEEA834-20AB-48DA-BE70-55A481D63E01}.Release|Any CPU.ActiveCfg = Release|Any CPU
		{0BEEA834-20AB-48DA-BE70-55A481D63E01}.Release|Any CPU.Build.0 = Release|Any CPU
		{7A789622-CB63-48FC-95A6-CEA076EEC18D}.Debug|Any CPU.ActiveCfg = Debug|Any CPU
		{7A789622-CB63-48FC-95A6-CEA076EEC18D}.Debug|Any CPU.Build.0 = Debug|Any CPU
		{7A789622-CB63-48FC-95A6-CEA076EEC18D}.Release|Any CPU.ActiveCfg = Release|Any CPU
		{7A789622-CB63-48FC-95A6-CEA076EEC18D}.Release|Any CPU.Build.0 = Release|Any CPU
	EndGlobalSection
	GlobalSection(SolutionProperties) = preSolution
		HideSolutionNode = FALSE
	EndGlobalSection
	GlobalSection(ExtensibilityGlobals) = postSolution
		SolutionGuid = {E75E2FFE-4385-4FAF-ABF2-978470C63E2D}
	EndGlobalSection
EndGlobal
